
Microsoft Visual Studio Solution File, Format Version 12.00
# Visual Studio Version 16
VisualStudioVersion = 16.0.31829.152
MinimumVisualStudioVersion = 10.0.40219.1
Project("{FAE04EC0-301F-11D3-BF4B-00C04F79EFBC}") = "Lesson8App1", "Lesson8App1\Lesson8App1.csproj", "{EA324BE4-6330-4FC1-A4DA-12B732C2B6FF}"
EndProject
Global
	GlobalSection(SolutionConfigurationPlatforms) = preSolution
		Debug|Any CPU = Debug|Any CPU
		Release|Any CPU = Release|Any CPU
	EndGlobalSection
	GlobalSection(ProjectConfigurationPlatforms) = postSolution
		{EA324BE4-6330-4FC1-A4DA-12B732C2B6FF}.Debug|Any CPU.ActiveCfg = Debug|Any CPU
		{EA324BE4-6330-4FC1-A4DA-12B732C2B6FF}.Debug|Any CPU.Build.0 = Debug|Any CPU
		{EA324BE4-6330-4FC1-A4DA-12B732C2B6FF}.Release|Any CPU.ActiveCfg = Release|Any CPU
		{EA324BE4-6330-4FC1-A4DA-12B732C2B6FF}.Release|Any CPU.Build.0 = Release|Any CPU
	EndGlobalSection
	GlobalSection(SolutionProperties) = preSolution
		HideSolutionNode = FALSE
	EndGlobalSection
	GlobalSection(ExtensibilityGlobals) = postSolution
		SolutionGuid = {765B85AA-7440-4D0F-B521-A3231B94CA29}
	EndGlobalSection
EndGlobal
